
Microsoft Visual Studio Solution File, Format Version 12.00
# Visual Studio Version 17
VisualStudioVersion = 17.14.37710.0
MinimumVisualStudioVersion = 10.0.40219.1
Project("{FAE04EC0-301F-11D3-BF4B-00C04F79EFBC}") = "4.1", "4.1\4.1.csproj", "{55C1F536-6A2D-28EE-4D2A-148F309D83E9}"
EndProject
Project("{FAE04EC0-301F-11D3-BF4B-00C04F79EFBC}") = "4.2", "4.2\4.2.csproj", "{A7AFF552-0825-4722-2CB5-1891E329B87C}"
EndProject
Global
	GlobalSection(SolutionConfigurationPlatforms) = preSolution
		Debug|Any CPU = Debug|Any CPU
		Release|Any CPU = Release|Any CPU
	EndGlobalSection
	GlobalSection(ProjectConfigurationPlatforms) = postSolution
		{55C1F536-6A2D-28EE-4D2A-148F309D83E9}.Debug|Any CPU.ActiveCfg = Debug|Any CPU
		{55C1F536-6A2D-28EE-4D2A-148F309D83E9}.Debug|Any CPU.Build.0 = Debug|Any CPU
		{55C1F536-6A2D-28EE-4D2A-148F309D83E9}.Release|Any CPU.ActiveCfg = Release|Any CPU
		{55C1F536-6A2D-28EE-4D2A-148F309D83E9}.Release|Any CPU.Build.0 = Release|Any CPU
		{A7AFF552-0825-4722-2CB5-1891E329B87C}.Debug|Any CPU.ActiveCfg = Debug|Any CPU
		{A7AFF552-0825-4722-2CB5-1891E329B87C}.Debug|Any CPU.Build.0 = Debug|Any CPU
		{A7AFF552-0825-4722-2CB5-1891E329B87C}.Release|Any CPU.ActiveCfg = Release|Any CPU
		{A7AFF552-0825-4722-2CB5-1891E329B87C}.Release|Any CPU.Build.0 = Release|Any CPU
	EndGlobalSection
	GlobalSection(SolutionProperties) = preSolution
		HideSolutionNode = FALSE
	EndGlobalSection
	GlobalSection(ExtensibilityGlobals) = postSolution
		SolutionGuid = {97002DFD-688E-49CB-9A98-515F179C6B0B}
	EndGlobalSection
EndGlobal
